
Microsoft Visual Studio Solution File, Format Version 12.00
# Visual Studio Version 16
VisualStudioVersion = 16.0.31220.234
MinimumVisualStudioVersion = 10.0.40219.1
Project("{9A19103F-16F7-4668-BE54-9A1E7A4F7556}") = "themoretheless.github.io_source", "src\themoretheless.github.io_source\themoretheless.github.io_source.csproj", "{5A06A4E9-FAC5-44DD-B7CF-915ADA6F0F0D}"
EndProject
Global
	GlobalSection(SolutionConfigurationPlatforms) = preSolution
		Debug|Any CPU = Debug|Any CPU
		Release|Any CPU = Release|Any CPU
	EndGlobalSection
	GlobalSection(ProjectConfigurationPlatforms) = postSolution
		{5A06A4E9-FAC5-44DD-B7CF-915ADA6F0F0D}.Debug|Any CPU.ActiveCfg = Debug|Any CPU
		{5A06A4E9-FAC5-44DD-B7CF-915ADA6F0F0D}.Debug|Any CPU.Build.0 = Debug|Any CPU
		{5A06A4E9-FAC5-44DD-B7CF-915ADA6F0F0D}.Release|Any CPU.ActiveCfg = Release|Any CPU
		{5A06A4E9-FAC5-44DD-B7CF-915ADA6F0F0D}.Release|Any CPU.Build.0 = Release|Any CPU
	EndGlobalSection
	GlobalSection(SolutionProperties) = preSolution
		HideSolutionNode = FALSE
	EndGlobalSection
	GlobalSection(ExtensibilityGlobals) = postSolution
		SolutionGuid = {C05A0C2C-C148-474A-8C0C-EB9C4326C898}
	EndGlobalSection
EndGlobal
